
Microsoft Visual Studio Solution File, Format Version 12.00
# Visual Studio Version 16
VisualStudioVersion = 16.0.31205.134
MinimumVisualStudioVersion = 10.0.40219.1
Project("{FAE04EC0-301F-11D3-BF4B-00C04F79EFBC}") = "QLĐHS", "QLĐHS.csproj", "{5854E73C-4A07-4BF5-96F2-706BD87F100C}"
EndProject
Global
	GlobalSection(SolutionConfigurationPlatforms) = preSolution
		Debug|Any CPU = Debug|Any CPU
		Release|Any CPU = Release|Any CPU
	EndGlobalSection
	GlobalSection(ProjectConfigurationPlatforms) = postSolution
		{5854E73C-4A07-4BF5-96F2-706BD87F100C}.Debug|Any CPU.ActiveCfg = Debug|Any CPU
		{5854E73C-4A07-4BF5-96F2-706BD87F100C}.Debug|Any CPU.Build.0 = Debug|Any CPU
		{5854E73C-4A07-4BF5-96F2-706BD87F100C}.Release|Any CPU.ActiveCfg = Release|Any CPU
		{5854E73C-4A07-4BF5-96F2-706BD87F100C}.Release|Any CPU.Build.0 = Release|Any CPU
	EndGlobalSection
	GlobalSection(SolutionProperties) = preSolution
		HideSolutionNode = FALSE
	EndGlobalSection
	GlobalSection(ExtensibilityGlobals) = postSolution
		SolutionGuid = {0C2744DE-D1EA-4367-A9F8-B93A20059D73}
	EndGlobalSection
EndGlobal
